Microsoft Visual Studio Solution File, Format Version 11.00
# Visual Studio 2008

Project("{25E81258-D884-1F9C-D344-B4A1BDD2EDE6}") = "VirtualDressingSystem", "Assembly-CSharp.csproj", "{1117439A-845B-E631-165E-AD7C7548455E}"
EndProject
Project("{25E81258-D884-1F9C-D344-B4A1BDD2EDE6}") = "VirtualDressingSystem", "Assembly-CSharp-Editor.csproj", "{F61AC1D3-000B-E894-2572-259D2D68F077}"
EndProject
Project("{25E81258-D884-1F9C-D344-B4A1BDD2EDE6}") = "VirtualDressingSystem", "Assembly-UnityScript.unityproj", "{BD1964BB-5962-4A2D-3A8B-0CA7030A742A}"
EndProject
Global
	GlobalSection(SolutionConfigurationPlatforms) = preSolution
		Debug|Any CPU = Debug|Any CPU
		Release|Any CPU = Release|Any CPU
	EndGlobalSection
	GlobalSection(ProjectConfigurationPlatforms) = postSolution
		{1117439A-845B-E631-165E-AD7C7548455E}.Debug|Any CPU.ActiveCfg = Debug|Any CPU
		{1117439A-845B-E631-165E-AD7C7548455E}.Debug|Any CPU.Build.0 = Debug|Any CPU
		{1117439A-845B-E631-165E-AD7C7548455E}.Release|Any CPU.ActiveCfg = Release|Any CPU
		{1117439A-845B-E631-165E-AD7C7548455E}.Release|Any CPU.Build.0 = Release|Any CPU
		{F61AC1D3-000B-E894-2572-259D2D68F077}.Debug|Any CPU.ActiveCfg = Debug|Any CPU
		{F61AC1D3-000B-E894-2572-259D2D68F077}.Debug|Any CPU.Build.0 = Debug|Any CPU
		{F61AC1D3-000B-E894-2572-259D2D68F077}.Release|Any CPU.ActiveCfg = Release|Any CPU
		{F61AC1D3-000B-E894-2572-259D2D68F077}.Release|Any CPU.Build.0 = Release|Any CPU
		{BD1964BB-5962-4A2D-3A8B-0CA7030A742A}.Debug|Any CPU.ActiveCfg = Debug|Any CPU
		{BD1964BB-5962-4A2D-3A8B-0CA7030A742A}.Debug|Any CPU.Build.0 = Debug|Any CPU
		{BD1964BB-5962-4A2D-3A8B-0CA7030A742A}.Release|Any CPU.ActiveCfg = Release|Any CPU
		{BD1964BB-5962-4A2D-3A8B-0CA7030A742A}.Release|Any CPU.Build.0 = Release|Any CPU
	EndGlobalSection
	GlobalSection(SolutionProperties) = preSolution
		HideSolutionNode = FALSE
	EndGlobalSection
																																														GlobalSection(MonoDevelopProperties) = preSolution
		StartupItem = Assembly-CSharp.csproj
		Policies = $0
		$0.TextStylePolicy = $1
		$1.inheritsSet = null
		$1.scope = text/x-csharp
		$0.CSharpFormattingPolicy = $2
		$2.inheritsSet = Mono
		$2.inheritsScope = text/x-csharp
		$2.scope = text/x-csharp
		$0.TextStylePolicy = $3
		$3.FileWidth = 120
		$3.TabWidth = 4
		$3.EolMarker = Unix
		$3.inheritsSet = Mono
		$3.inheritsScope = text/plain
		$3.scope = text/plain
	EndGlobalSection

EndGlobal
